Microsoft Visual Studio Solution File, Format Version 12.00
# Visual Studio Version 17
VisualStudioVersion = 17.0.31903.59
MinimumVisualStudioVersion = 10.0.40219.1
Project("{4612B723-A179-4ADA-A05E-CD507927CCA6}") = "Project_5619d911efae470ba834f289cbb87c81_20250619080305021379", "Project_5619d911efae470ba834f289cbb87c81_20250619080305021379.csproj", "{4612B723-A179-4ADA-A05E-CD507927CCA6}"
EndProject
Global
    GlobalSection(SolutionConfigurationPlatforms) = preSolution
        Debug|Any CPU = Debug|Any CPU
        Release|Any CPU = Release|Any CPU
    EndGlobalSection
    GlobalSection(ProjectConfigurationPlatforms) = postSolution
        {4612B723-A179-4ADA-A05E-CD507927CCA6}.Debug|Any CPU.ActiveCfg = Debug|Any CPU
        {4612B723-A179-4ADA-A05E-CD507927CCA6}.Debug|Any CPU.Build.0 = Debug|Any CPU
        {4612B723-A179-4ADA-A05E-CD507927CCA6}.Release|Any CPU.ActiveCfg = Release|Any CPU
        {4612B723-A179-4ADA-A05E-CD507927CCA6}.Release|Any CPU.Build.0 = Release|Any CPU
    EndGlobalSection
EndGlobal